PODS:
  - EHHorizontalFixedWidthItemsView (1.0.0):
    - EHItemViewCommon (~> 1.0.0)
  - EHItemViewCommon (1.0.0)
  - Masonry (0.6.4)
  - YYCategories (1.0.4):
    - YYCategories/no-arc (= 1.0.4)
  - YYCategories/no-arc (1.0.4)

DEPENDENCIES:
  - EHHorizontalFixedWidthItemsView (from `../`)
  - Masonry (~> 0.6.4)
  - YYCategories (~> 1.0.1)

EXTERNAL SOURCES:
  EHHorizontalFixedWidthItemsView:
    :path: "../"

SPEC CHECKSUMS:
  EHHorizontalFixedWidthItemsView: 249ddfa3675ade08863118f38cefc214d7c0f4a0
  EHItemViewCommon: 75b801f64e4f5ac7bbd9972911501a4e3993b27d
  Masonry: 281802d04d787ea2973179ee8bcb50500579ede2
  YYCategories: 6bcd4314c6661a561410dce4a793379ebd306abd

PODFILE CHECKSUM: 3da96e5e33e2166e1c4f335ffcacb895ee1731c9

COCOAPODS: 1.0.0
