PODS:
  - EHHorizontalFixedWidthItemsView (1.0.0):
    - EHItemViewCommon (~> 1.0.1)
  - EHItemViewCommon (1.0.1)
  - Masonry (0.6.4)
  - YYCategories (1.0.4):
    - YYCategories/no-arc (= 1.0.4)
  - YYCategories/no-arc (1.0.4)

DEPENDENCIES:
  - EHHorizontalFixedWidthItemsView (from `../`)
  - Masonry (~> 0.6.4)
  - YYCategories (~> 1.0.1)

EXTERNAL SOURCES:
  EHHorizontalFixedWidthItemsView:
    :path: "../"

SPEC CHECKSUMS:
  EHHorizontalFixedWidthItemsView: 92e1b25467f6b342342c53957da0fa51e61d08de
  EHItemViewCommon: 42fabf0466bc6f53355af931076ba2cda3e7cc5f
  Masonry: 281802d04d787ea2973179ee8bcb50500579ede2
  YYCategories: 6bcd4314c6661a561410dce4a793379ebd306abd

PODFILE CHECKSUM: 3da96e5e33e2166e1c4f335ffcacb895ee1731c9

COCOAPODS: 1.0.0
